{
    "version": 3,
    "terraform_version": "0.9.3",
    "serial": 0,
    "lineage": "0bce01f0-de49-46cf-88a8-ded9dbe5d8aa",
    "modules": [
        {
            "path": [
                "root"
            ],
            "outputs": {},
            "resources": {},
            "depends_on": []
        },
        {
            "path": [
                "root",
                "cycloid-alb"
            ],
            "outputs": {
                "alb": {
                    "sensitive": false,
                    "type": "string",
                    "value": "arn:aws:elasticloadbalancing:eu-west-1:438685710879:loadbalancer/app/cycloid-alb/880ce65f6ef59d15"
                }
            },
            "resources": {
                "aws_alb.default": {
                    "type": "aws_alb",
                    "depends_on": [
                        "aws_security_group.allow_all"
                    ],
                    "primary": {
                        "id": "arn:aws:elasticloadbalancing:eu-west-1:438685710879:loadbalancer/app/cycloid-alb/880ce65f6ef59d15",
                        "attributes": {
                            "access_logs.#": "0",
                            "arn": "arn:aws:elasticloadbalancing:eu-west-1:438685710879:loadbalancer/app/cycloid-alb/880ce65f6ef59d15",
                            "arn_suffix": "app/cycloid-alb/880ce65f6ef59d15",
                            "dns_name": "cycloid-alb-350734708.eu-west-1.elb.amazonaws.com",
                            "enable_deletion_protection": "true",
                            "id": "arn:aws:elasticloadbalancing:eu-west-1:438685710879:loadbalancer/app/cycloid-alb/880ce65f6ef59d15",
                            "idle_timeout": "60",
                            "internal": "false",
                            "ip_address_type": "ipv4",
                            "name": "cycloid-alb",
                            "security_groups.#": "1",
                            "security_groups.2777979053": "sg-45e1643c",
                            "subnets.#": "2",
                            "subnets.2310097882": "subnet-da42a893",
                            "subnets.4213365830": "subnet-8258b0e5",
                            "tags.%": "1",
                            "tags.Name": "cycloid-alb",
                            "vpc_id": "vpc-7e2fc319",
                            "zone_id": "Z32O12XQLNTSW2"
                        },
                        "meta": {},
                        "tainted": false
                    },
                    "deposed": [],
                    "provider": ""
                },
                "aws_alb_listener.default": {
                    "type": "aws_alb_listener",
                    "depends_on": [
                        "aws_alb.default",
                        "aws_alb_target_group.default"
                    ],
                    "primary": {
                        "id": "arn:aws:elasticloadbalancing:eu-west-1:438685710879:listener/app/cycloid-alb/880ce65f6ef59d15/79e11bd745a019e1",
                        "attributes": {
                            "arn": "arn:aws:elasticloadbalancing:eu-west-1:438685710879:listener/app/cycloid-alb/880ce65f6ef59d15/79e11bd745a019e1",
                            "default_action.#": "1",
                            "default_action.0.target_group_arn": "arn:aws:elasticloadbalancing:eu-west-1:438685710879:targetgroup/cycloid-alb/b38ff59990ec3e92",
                            "default_action.0.type": "forward",
                            "id": "arn:aws:elasticloadbalancing:eu-west-1:438685710879:listener/app/cycloid-alb/880ce65f6ef59d15/79e11bd745a019e1",
                            "load_balancer_arn": "arn:aws:elasticloadbalancing:eu-west-1:438685710879:loadbalancer/app/cycloid-alb/880ce65f6ef59d15",
                            "port": "80",
                            "protocol": "HTTP",
                            "ssl_policy": ""
                        },
                        "meta": {},
                        "tainted": false
                    },
                    "deposed": [],
                    "provider": ""
                },
                "aws_alb_target_group.default": {
                    "type": "aws_alb_target_group",
                    "depends_on": [],
                    "primary": {
                        "id": "arn:aws:elasticloadbalancing:eu-west-1:438685710879:targetgroup/cycloid-alb/b38ff59990ec3e92",
                        "attributes": {
                            "arn": "arn:aws:elasticloadbalancing:eu-west-1:438685710879:targetgroup/cycloid-alb/b38ff59990ec3e92",
                            "arn_suffix": "targetgroup/cycloid-alb/b38ff59990ec3e92",
                            "deregistration_delay": "300",
                            "health_check.#": "1",
                            "health_check.0.healthy_threshold": "5",
                            "health_check.0.interval": "30",
                            "health_check.0.matcher": "200",
                            "health_check.0.path": "/",
                            "health_check.0.port": "traffic-port",
                            "health_check.0.protocol": "HTTP",
                            "health_check.0.timeout": "5",
                            "health_check.0.unhealthy_threshold": "2",
                            "id": "arn:aws:elasticloadbalancing:eu-west-1:438685710879:targetgroup/cycloid-alb/b38ff59990ec3e92",
                            "name": "cycloid-alb",
                            "port": "80",
                            "protocol": "HTTP",
                            "stickiness.#": "1",
                            "stickiness.0.cookie_duration": "86400",
                            "stickiness.0.enabled": "false",
                            "stickiness.0.type": "lb_cookie",
                            "tags.%": "0",
                            "vpc_id": "vpc-7e2fc319"
                        },
                        "meta": {},
                        "tainted": false
                    },
                    "deposed": [],
                    "provider": ""
                },
                "aws_security_group.allow_all": {
                    "type": "aws_security_group",
                    "depends_on": [],
                    "primary": {
                        "id": "sg-45e1643c",
                        "attributes": {
                            "description": "Allow all inbound traffic",
                            "egress.#": "0",
                            "id": "sg-45e1643c",
                            "ingress.#": "1",
                            "ingress.482069346.cidr_blocks.#": "1",
                            "ingress.482069346.cidr_blocks.0": "0.0.0.0/0",
                            "ingress.482069346.from_port": "0",
                            "ingress.482069346.ipv6_cidr_blocks.#": "0",
                            "ingress.482069346.protocol": "-1",
                            "ingress.482069346.security_groups.#": "0",
                            "ingress.482069346.self": "false",
                            "ingress.482069346.to_port": "0",
                            "name": "allow_all",
                            "owner_id": "438685710879",
                            "tags.%": "0",
                            "vpc_id": "vpc-7e2fc319"
                        },
                        "meta": {},
                        "tainted": false
                    },
                    "deposed": [],
                    "provider": ""
                }
            },
            "depends_on": []
        },
        {
            "path": [
                "root",
                "cycloid-private-subnet-1"
            ],
            "outputs": {
                "private_subnet": {
                    "sensitive": false,
                    "type": "string",
                    "value": "subnet-d346aeb4"
                }
            },
            "resources": {
                "aws_route_table.default": {
                    "type": "aws_route_table",
                    "depends_on": [],
                    "primary": {
                        "id": "rtb-cb23b4ac",
                        "attributes": {
                            "id": "rtb-cb23b4ac",
                            "propagating_vgws.#": "0",
                            "route.#": "1",
                            "route.3585121033.cidr_block": "0.0.0.0/0",
                            "route.3585121033.egress_only_gateway_id": "",
                            "route.3585121033.gateway_id": "",
                            "route.3585121033.instance_id": "",
                            "route.3585121033.ipv6_cidr_block": "",
                            "route.3585121033.nat_gateway_id": "nat-091d2bd945ce20b84",
                            "route.3585121033.network_interface_id": "",
                            "route.3585121033.vpc_peering_connection_id": "",
                            "tags.%": "1",
                            "tags.Name": "cycloid-private-subnet-1",
                            "vpc_id": "vpc-7e2fc319"
                        },
                        "meta": {},
                        "tainted": false
                    },
                    "deposed": [],
                    "provider": ""
                },
                "aws_route_table_association.default": {
                    "type": "aws_route_table_association",
                    "depends_on": [
                        "aws_route_table.default",
                        "aws_subnet.default"
                    ],
                    "primary": {
                        "id": "rtbassoc-830aa7e5",
                        "attributes": {
                            "id": "rtbassoc-830aa7e5",
                            "route_table_id": "rtb-cb23b4ac",
                            "subnet_id": "subnet-d346aeb4"
                        },
                        "meta": {},
                        "tainted": false
                    },
                    "deposed": [],
                    "provider": ""
                },
                "aws_subnet.default": {
                    "type": "aws_subnet",
                    "depends_on": [],
                    "primary": {
                        "id": "subnet-d346aeb4",
                        "attributes": {
                            "assign_ipv6_address_on_creation": "false",
                            "availability_zone": "eu-west-1a",
                            "cidr_block": "10.180.24.0/21",
                            "id": "subnet-d346aeb4",
                            "map_public_ip_on_launch": "false",
                            "tags.%": "1",
                            "tags.Name": "cycloid-private-subnet-1",
                            "vpc_id": "vpc-7e2fc319"
                        },
                        "meta": {},
                        "tainted": false
                    },
                    "deposed": [],
                    "provider": ""
                }
            },
            "depends_on": []
        },
        {
            "path": [
                "root",
                "cycloid-private-subnet-2"
            ],
            "outputs": {
                "private_subnet": {
                    "sensitive": false,
                    "type": "string",
                    "value": "subnet-cb5ab082"
                }
            },
            "resources": {
                "aws_route_table.default": {
                    "type": "aws_route_table",
                    "depends_on": [],
                    "primary": {
                        "id": "rtb-c320b7a4",
                        "attributes": {
                            "id": "rtb-c320b7a4",
                            "propagating_vgws.#": "0",
                            "route.#": "1",
                            "route.1928039844.cidr_block": "0.0.0.0/0",
                            "route.1928039844.egress_only_gateway_id": "",
                            "route.1928039844.gateway_id": "",
                            "route.1928039844.instance_id": "",
                            "route.1928039844.ipv6_cidr_block": "",
                            "route.1928039844.nat_gateway_id": "nat-0d89b0f260ca2df59",
                            "route.1928039844.network_interface_id": "",
                            "route.1928039844.vpc_peering_connection_id": "",
                            "tags.%": "1",
                            "tags.Name": "cycloid-private-subnet-2",
                            "vpc_id": "vpc-7e2fc319"
                        },
                        "meta": {},
                        "tainted": false
                    },
                    "deposed": [],
                    "provider": ""
                },
                "aws_route_table_association.default": {
                    "type": "aws_route_table_association",
                    "depends_on": [
                        "aws_route_table.default",
                        "aws_subnet.default"
                    ],
                    "primary": {
                        "id": "rtbassoc-800aa7e6",
                        "attributes": {
                            "id": "rtbassoc-800aa7e6",
                            "route_table_id": "rtb-c320b7a4",
                            "subnet_id": "subnet-cb5ab082"
                        },
                        "meta": {},
                        "tainted": false
                    },
                    "deposed": [],
                    "provider": ""
                },
                "aws_subnet.default": {
                    "type": "aws_subnet",
                    "depends_on": [],
                    "primary": {
                        "id": "subnet-cb5ab082",
                        "attributes": {
                            "assign_ipv6_address_on_creation": "false",
                            "availability_zone": "eu-west-1b",
                            "cidr_block": "10.180.32.0/21",
                            "id": "subnet-cb5ab082",
                            "map_public_ip_on_launch": "false",
                            "tags.%": "1",
                            "tags.Name": "cycloid-private-subnet-2",
                            "vpc_id": "vpc-7e2fc319"
                        },
                        "meta": {},
                        "tainted": false
                    },
                    "deposed": [],
                    "provider": ""
                }
            },
            "depends_on": []
        },
        {
            "path": [
                "root",
                "cycloid-public-subnet-1"
            ],
            "outputs": {
                "nat_gateway": {
                    "sensitive": false,
                    "type": "string",
                    "value": "nat-091d2bd945ce20b84"
                },
                "public_subnet": {
                    "sensitive": false,
                    "type": "string",
                    "value": "subnet-8258b0e5"
                }
            },
            "resources": {
                "aws_eip.default": {
                    "type": "aws_eip",
                    "depends_on": [],
                    "primary": {
                        "id": "eipalloc-789a601f",
                        "attributes": {
                            "association_id": "",
                            "domain": "vpc",
                            "id": "eipalloc-789a601f",
                            "instance": "",
                            "network_interface": "",
                            "private_ip": "",
                            "public_ip": "52.212.189.59",
                            "vpc": "true"
                        },
                        "meta": {},
                        "tainted": false
                    },
                    "deposed": [],
                    "provider": ""
                },
                "aws_nat_gateway.default": {
                    "type": "aws_nat_gateway",
                    "depends_on": [
                        "aws_eip.default",
                        "aws_subnet.default"
                    ],
                    "primary": {
                        "id": "nat-091d2bd945ce20b84",
                        "attributes": {
                            "allocation_id": "eipalloc-789a601f",
                            "id": "nat-091d2bd945ce20b84",
                            "network_interface_id": "eni-deeb3ba0",
                            "private_ip": "10.180.8.181",
                            "public_ip": "52.212.189.59",
                            "subnet_id": "subnet-8258b0e5"
                        },
                        "meta": {},
                        "tainted": false
                    },
                    "deposed": [],
                    "provider": ""
                },
                "aws_route_table.default": {
                    "type": "aws_route_table",
                    "depends_on": [],
                    "primary": {
                        "id": "rtb-5426b133",
                        "attributes": {
                            "id": "rtb-5426b133",
                            "propagating_vgws.#": "0",
                            "route.#": "1",
                            "route.14927675.cidr_block": "0.0.0.0/0",
                            "route.14927675.egress_only_gateway_id": "",
                            "route.14927675.gateway_id": "igw-74ba2a10",
                            "route.14927675.instance_id": "",
                            "route.14927675.ipv6_cidr_block": "",
                            "route.14927675.nat_gateway_id": "",
                            "route.14927675.network_interface_id": "",
                            "route.14927675.vpc_peering_connection_id": "",
                            "tags.%": "1",
                            "tags.Name": "cycloid-public-subnet-1",
                            "vpc_id": "vpc-7e2fc319"
                        },
                        "meta": {},
                        "tainted": false
                    },
                    "deposed": [],
                    "provider": ""
                },
                "aws_route_table_association.default": {
                    "type": "aws_route_table_association",
                    "depends_on": [
                        "aws_route_table.default",
                        "aws_subnet.default"
                    ],
                    "primary": {
                        "id": "rtbassoc-4e0fa228",
                        "attributes": {
                            "id": "rtbassoc-4e0fa228",
                            "route_table_id": "rtb-5426b133",
                            "subnet_id": "subnet-8258b0e5"
                        },
                        "meta": {},
                        "tainted": false
                    },
                    "deposed": [],
                    "provider": ""
                },
                "aws_subnet.default": {
                    "type": "aws_subnet",
                    "depends_on": [],
                    "primary": {
                        "id": "subnet-8258b0e5",
                        "attributes": {
                            "assign_ipv6_address_on_creation": "false",
                            "availability_zone": "eu-west-1a",
                            "cidr_block": "10.180.8.0/21",
                            "id": "subnet-8258b0e5",
                            "map_public_ip_on_launch": "false",
                            "tags.%": "1",
                            "tags.Name": "cycloid-public-subnet-1",
                            "vpc_id": "vpc-7e2fc319"
                        },
                        "meta": {},
                        "tainted": false
                    },
                    "deposed": [],
                    "provider": ""
                }
            },
            "depends_on": []
        },
        {
            "path": [
                "root",
                "cycloid-public-subnet-2"
            ],
            "outputs": {
                "nat_gateway": {
                    "sensitive": false,
                    "type": "string",
                    "value": "nat-0d89b0f260ca2df59"
                },
                "public_subnet": {
                    "sensitive": false,
                    "type": "string",
                    "value": "subnet-da42a893"
                }
            },
            "resources": {
                "aws_eip.default": {
                    "type": "aws_eip",
                    "depends_on": [],
                    "primary": {
                        "id": "eipalloc-5ea15b39",
                        "attributes": {
                            "association_id": "",
                            "domain": "vpc",
                            "id": "eipalloc-5ea15b39",
                            "instance": "",
                            "network_interface": "",
                            "private_ip": "",
                            "public_ip": "52.209.22.255",
                            "vpc": "true"
                        },
                        "meta": {},
                        "tainted": false
                    },
                    "deposed": [],
                    "provider": ""
                },
                "aws_nat_gateway.default": {
                    "type": "aws_nat_gateway",
                    "depends_on": [
                        "aws_eip.default",
                        "aws_subnet.default"
                    ],
                    "primary": {
                        "id": "nat-0d89b0f260ca2df59",
                        "attributes": {
                            "allocation_id": "eipalloc-5ea15b39",
                            "id": "nat-0d89b0f260ca2df59",
                            "network_interface_id": "eni-a2f3dde2",
                            "private_ip": "10.180.19.196",
                            "public_ip": "52.209.22.255",
                            "subnet_id": "subnet-da42a893"
                        },
                        "meta": {},
                        "tainted": false
                    },
                    "deposed": [],
                    "provider": ""
                },
                "aws_route_table.default": {
                    "type": "aws_route_table",
                    "depends_on": [],
                    "primary": {
                        "id": "rtb-012fb866",
                        "attributes": {
                            "id": "rtb-012fb866",
                            "propagating_vgws.#": "0",
                            "route.#": "1",
                            "route.14927675.cidr_block": "0.0.0.0/0",
                            "route.14927675.egress_only_gateway_id": "",
                            "route.14927675.gateway_id": "igw-74ba2a10",
                            "route.14927675.instance_id": "",
                            "route.14927675.ipv6_cidr_block": "",
                            "route.14927675.nat_gateway_id": "",
                            "route.14927675.network_interface_id": "",
                            "route.14927675.vpc_peering_connection_id": "",
                            "tags.%": "1",
                            "tags.Name": "cycloid-public-subnet-2",
                            "vpc_id": "vpc-7e2fc319"
                        },
                        "meta": {},
                        "tainted": false
                    },
                    "deposed": [],
                    "provider": ""
                },
                "aws_route_table_association.default": {
                    "type": "aws_route_table_association",
                    "depends_on": [
                        "aws_route_table.default",
                        "aws_subnet.default"
                    ],
                    "primary": {
                        "id": "rtbassoc-b809a4de",
                        "attributes": {
                            "id": "rtbassoc-b809a4de",
                            "route_table_id": "rtb-012fb866",
                            "subnet_id": "subnet-da42a893"
                        },
                        "meta": {},
                        "tainted": false
                    },
                    "deposed": [],
                    "provider": ""
                },
                "aws_subnet.default": {
                    "type": "aws_subnet",
                    "depends_on": [],
                    "primary": {
                        "id": "subnet-da42a893",
                        "attributes": {
                            "assign_ipv6_address_on_creation": "false",
                            "availability_zone": "eu-west-1b",
                            "cidr_block": "10.180.16.0/21",
                            "id": "subnet-da42a893",
                            "map_public_ip_on_launch": "false",
                            "tags.%": "1",
                            "tags.Name": "cycloid-public-subnet-2",
                            "vpc_id": "vpc-7e2fc319"
                        },
                        "meta": {},
                        "tainted": false
                    },
                    "deposed": [],
                    "provider": ""
                }
            },
            "depends_on": []
        },
        {
            "path": [
                "root",
                "cycloid-vpc"
            ],
            "outputs": {
                "internet_gateway": {
                    "sensitive": false,
                    "type": "string",
                    "value": "igw-74ba2a10"
                },
                "vpc": {
                    "sensitive": false,
                    "type": "string",
                    "value": "vpc-7e2fc319"
                }
            },
            "resources": {
                "aws_internet_gateway.default": {
                    "type": "aws_internet_gateway",
                    "depends_on": [
                        "aws_vpc.default"
                    ],
                    "primary": {
                        "id": "igw-74ba2a10",
                        "attributes": {
                            "id": "igw-74ba2a10",
                            "vpc_id": "vpc-7e2fc319"
                        },
                        "meta": {},
                        "tainted": false
                    },
                    "deposed": [],
                    "provider": ""
                },
                "aws_vpc.default": {
                    "type": "aws_vpc",
                    "depends_on": [],
                    "primary": {
                        "id": "vpc-7e2fc319",
                        "attributes": {
                            "assign_generated_ipv6_cidr_block": "false",
                            "cidr_block": "10.180.0.0/16",
                            "default_network_acl_id": "acl-66c07501",
                            "default_route_table_id": "rtb-0824b36f",
                            "default_security_group_id": "sg-83e267fa",
                            "dhcp_options_id": "dopt-b3bf02d6",
                            "enable_classiclink": "false",
                            "enable_dns_hostnames": "true",
                            "enable_dns_support": "true",
                            "id": "vpc-7e2fc319",
                            "instance_tenancy": "default",
                            "main_route_table_id": "rtb-0824b36f",
                            "tags.%": "1",
                            "tags.Name": "cycloid-vpc"
                        },
                        "meta": {
                            "schema_version": "1"
                        },
                        "tainted": false
                    },
                    "deposed": [],
                    "provider": ""
                }
            },
            "depends_on": []
        }
    ]
}
